{
  "name": "waveforms",
  "version": "0.1.0",
  "lockfileVersion": 1,
  "requires": true,
  "dependencies": {
    "react-flip-move": {
      "version": "2.10.0",
      "resolved": "https://registry.npmjs.org/react-flip-move/-/react-flip-move-2.10.0.tgz",
      "integrity": "sha512-CLz5XDSvzneUhl650P3DPAdZxPFQD+CEvWtYWLg/t8ps12OLjjsbyrzF17BZzo1zGp6oyd31znzM09Ms26dnSQ=="
    }
  }
}
